
Microsoft Visual Studio Solution File, Format Version 12.00
# Visual Studio Version 16
VisualStudioVersion = 16.0.29201.188
MinimumVisualStudioVersion = 10.0.40219.1
Project("{FAE04EC0-301F-11D3-BF4B-00C04F79EFBC}") = "KnexHttpClient", "KnexHttpClient\KnexHttpClient.csproj", "{C5F0B978-D920-4481-A5AC-763BD441723F}"
EndProject
Project("{FAE04EC0-301F-11D3-BF4B-00C04F79EFBC}") = "UnitTesting", "UnitTesting\UnitTesting.csproj", "{7587E8EB-E357-47B2-AAE3-87A6DE84D5A8}"
EndProject
Global
	GlobalSection(SolutionConfigurationPlatforms) = preSolution
		Debug|Any CPU = Debug|Any CPU
		Release|Any CPU = Release|Any CPU
	EndGlobalSection
	GlobalSection(ProjectConfigurationPlatforms) = postSolution
		{C5F0B978-D920-4481-A5AC-763BD441723F}.Debug|Any CPU.ActiveCfg = Debug|Any CPU
		{C5F0B978-D920-4481-A5AC-763BD441723F}.Debug|Any CPU.Build.0 = Debug|Any CPU
		{C5F0B978-D920-4481-A5AC-763BD441723F}.Release|Any CPU.ActiveCfg = Release|Any CPU
		{C5F0B978-D920-4481-A5AC-763BD441723F}.Release|Any CPU.Build.0 = Release|Any CPU
		{7587E8EB-E357-47B2-AAE3-87A6DE84D5A8}.Debug|Any CPU.ActiveCfg = Debug|Any CPU
		{7587E8EB-E357-47B2-AAE3-87A6DE84D5A8}.Debug|Any CPU.Build.0 = Debug|Any CPU
		{7587E8EB-E357-47B2-AAE3-87A6DE84D5A8}.Release|Any CPU.ActiveCfg = Release|Any CPU
		{7587E8EB-E357-47B2-AAE3-87A6DE84D5A8}.Release|Any CPU.Build.0 = Release|Any CPU
	EndGlobalSection
	GlobalSection(SolutionProperties) = preSolution
		HideSolutionNode = FALSE
	EndGlobalSection
	GlobalSection(ExtensibilityGlobals) = postSolution
		SolutionGuid = {A1629887-E6F9-4ECA-A4A7-5333EE4C34A2}
	EndGlobalSection
EndGlobal
